
Microsoft Visual Studio Solution File, Format Version 12.00
# Visual Studio Version 17
VisualStudioVersion = 17.0.31903.59
MinimumVisualStudioVersion = 10.0.40219.1
Project("{2150E333-8FDC-42A3-9474-1A3956D46DE8}") = "src", "src", "{827E0CD3-B72D-47B6-A68D-7590B98EB39B}"
EndProject
Project("{FAE04EC0-301F-11D3-BF4B-00C04F79EFBC}") = "DidarTask.Api", "src\DidarTask.Api\DidarTask.Api.csproj", "{81000D36-7527-4D84-9EF9-457651F7B08A}"
EndProject
Project("{FAE04EC0-301F-11D3-BF4B-00C04F79EFBC}") = "DidarTask.Application", "src\DidarTask.Application\DidarTask.Application.csproj", "{7EC23562-BA85-4CD1-9C99-D7D31A1F80A3}"
EndProject
Project("{FAE04EC0-301F-11D3-BF4B-00C04F79EFBC}") = "DidarTask.Domain", "src\DidarTask.Domain\DidarTask.Domain.csproj", "{2E342870-6254-4BB7-A6F6-2EB9EC4D9EB1}"
EndProject
Project("{FAE04EC0-301F-11D3-BF4B-00C04F79EFBC}") = "DidarTask.Infrastructure", "src\DidarTask.Infrastructure\DidarTask.Infrastructure.csproj", "{7F978E05-B170-48C2-A848-B2E937B49F02}"
EndProject
Project("{2150E333-8FDC-42A3-9474-1A3956D46DE8}") = "tests", "tests", "{0AB3BF05-4346-4AA6-1389-037BE0695223}"
EndProject
Project("{FAE04EC0-301F-11D3-BF4B-00C04F79EFBC}") = "DidarTask.Application.Tests", "tests\DidarTask.Application.Tests\DidarTask.Application.Tests.csproj", "{01B94B59-837C-4F85-869B-A9FEA4E554EB}"
EndProject
Global
	GlobalSection(SolutionConfigurationPlatforms) = preSolution
		Debug|Any CPU = Debug|Any CPU
		Debug|x64 = Debug|x64
		Debug|x86 = Debug|x86
		Release|Any CPU = Release|Any CPU
		Release|x64 = Release|x64
		Release|x86 = Release|x86
	EndGlobalSection
	GlobalSection(ProjectConfigurationPlatforms) = postSolution
		{81000D36-7527-4D84-9EF9-457651F7B08A}.Debug|Any CPU.ActiveCfg = Debug|Any CPU
		{81000D36-7527-4D84-9EF9-457651F7B08A}.Debug|Any CPU.Build.0 = Debug|Any CPU
		{81000D36-7527-4D84-9EF9-457651F7B08A}.Debug|x64.ActiveCfg = Debug|Any CPU
		{81000D36-7527-4D84-9EF9-457651F7B08A}.Debug|x64.Build.0 = Debug|Any CPU
		{81000D36-7527-4D84-9EF9-457651F7B08A}.Debug|x86.ActiveCfg = Debug|Any CPU
		{81000D36-7527-4D84-9EF9-457651F7B08A}.Debug|x86.Build.0 = Debug|Any CPU
		{81000D36-7527-4D84-9EF9-457651F7B08A}.Release|Any CPU.ActiveCfg = Release|Any CPU
		{81000D36-7527-4D84-9EF9-457651F7B08A}.Release|Any CPU.Build.0 = Release|Any CPU
		{81000D36-7527-4D84-9EF9-457651F7B08A}.Release|x64.ActiveCfg = Release|Any CPU
		{81000D36-7527-4D84-9EF9-457651F7B08A}.Release|x64.Build.0 = Release|Any CPU
		{81000D36-7527-4D84-9EF9-457651F7B08A}.Release|x86.ActiveCfg = Release|Any CPU
		{81000D36-7527-4D84-9EF9-457651F7B08A}.Release|x86.Build.0 = Release|Any CPU
		{7EC23562-BA85-4CD1-9C99-D7D31A1F80A3}.Debug|Any CPU.ActiveCfg = Debug|Any CPU
		{7EC23562-BA85-4CD1-9C99-D7D31A1F80A3}.Debug|Any CPU.Build.0 = Debug|Any CPU
		{7EC23562-BA85-4CD1-9C99-D7D31A1F80A3}.Debug|x64.ActiveCfg = Debug|Any CPU
		{7EC23562-BA85-4CD1-9C99-D7D31A1F80A3}.Debug|x64.Build.0 = Debug|Any CPU
		{7EC23562-BA85-4CD1-9C99-D7D31A1F80A3}.Debug|x86.ActiveCfg = Debug|Any CPU
		{7EC23562-BA85-4CD1-9C99-D7D31A1F80A3}.Debug|x86.Build.0 = Debug|Any CPU
		{7EC23562-BA85-4CD1-9C99-D7D31A1F80A3}.Release|Any CPU.ActiveCfg = Release|Any CPU
		{7EC23562-BA85-4CD1-9C99-D7D31A1F80A3}.Release|Any CPU.Build.0 = Release|Any CPU
		{7EC23562-BA85-4CD1-9C99-D7D31A1F80A3}.Release|x64.ActiveCfg = Release|Any CPU
		{7EC23562-BA85-4CD1-9C99-D7D31A1F80A3}.Release|x64.Build.0 = Release|Any CPU
		{7EC23562-BA85-4CD1-9C99-D7D31A1F80A3}.Release|x86.ActiveCfg = Release|Any CPU
		{7EC23562-BA85-4CD1-9C99-D7D31A1F80A3}.Release|x86.Build.0 = Release|Any CPU
		{2E342870-6254-4BB7-A6F6-2EB9EC4D9EB1}.Debug|Any CPU.ActiveCfg = Debug|Any CPU
		{2E342870-6254-4BB7-A6F6-2EB9EC4D9EB1}.Debug|Any CPU.Build.0 = Debug|Any CPU
		{2E342870-6254-4BB7-A6F6-2EB9EC4D9EB1}.Debug|x64.ActiveCfg = Debug|Any CPU
		{2E342870-6254-4BB7-A6F6-2EB9EC4D9EB1}.Debug|x64.Build.0 = Debug|Any CPU
		{2E342870-6254-4BB7-A6F6-2EB9EC4D9EB1}.Debug|x86.ActiveCfg = Debug|Any CPU
		{2E342870-6254-4BB7-A6F6-2EB9EC4D9EB1}.Debug|x86.Build.0 = Debug|Any CPU
		{2E342870-6254-4BB7-A6F6-2EB9EC4D9EB1}.Release|Any CPU.ActiveCfg = Release|Any CPU
		{2E342870-6254-4BB7-A6F6-2EB9EC4D9EB1}.Release|Any CPU.Build.0 = Release|Any CPU
		{2E342870-6254-4BB7-A6F6-2EB9EC4D9EB1}.Release|x64.ActiveCfg = Release|Any CPU
		{2E342870-6254-4BB7-A6F6-2EB9EC4D9EB1}.Release|x64.Build.0 = Release|Any CPU
		{2E342870-6254-4BB7-A6F6-2EB9EC4D9EB1}.Release|x86.ActiveCfg = Release|Any CPU
		{2E342870-6254-4BB7-A6F6-2EB9EC4D9EB1}.Release|x86.Build.0 = Release|Any CPU
		{7F978E05-B170-48C2-A848-B2E937B49F02}.Debug|Any CPU.ActiveCfg = Debug|Any CPU
		{7F978E05-B170-48C2-A848-B2E937B49F02}.Debug|Any CPU.Build.0 = Debug|Any CPU
		{7F978E05-B170-48C2-A848-B2E937B49F02}.Debug|x64.ActiveCfg = Debug|Any CPU
		{7F978E05-B170-48C2-A848-B2E937B49F02}.Debug|x64.Build.0 = Debug|Any CPU
		{7F978E05-B170-48C2-A848-B2E937B49F02}.Debug|x86.ActiveCfg = Debug|Any CPU
		{7F978E05-B170-48C2-A848-B2E937B49F02}.Debug|x86.Build.0 = Debug|Any CPU
		{7F978E05-B170-48C2-A848-B2E937B49F02}.Release|Any CPU.ActiveCfg = Release|Any CPU
		{7F978E05-B170-48C2-A848-B2E937B49F02}.Release|Any CPU.Build.0 = Release|Any CPU
		{7F978E05-B170-48C2-A848-B2E937B49F02}.Release|x64.ActiveCfg = Release|Any CPU
		{7F978E05-B170-48C2-A848-B2E937B49F02}.Release|x64.Build.0 = Release|Any CPU
		{7F978E05-B170-48C2-A848-B2E937B49F02}.Release|x86.ActiveCfg = Release|Any CPU
		{7F978E05-B170-48C2-A848-B2E937B49F02}.Release|x86.Build.0 = Release|Any CPU
		{01B94B59-837C-4F85-869B-A9FEA4E554EB}.Debug|Any CPU.ActiveCfg = Debug|Any CPU
		{01B94B59-837C-4F85-869B-A9FEA4E554EB}.Debug|Any CPU.Build.0 = Debug|Any CPU
		{01B94B59-837C-4F85-869B-A9FEA4E554EB}.Debug|x64.ActiveCfg = Debug|Any CPU
		{01B94B59-837C-4F85-869B-A9FEA4E554EB}.Debug|x64.Build.0 = Debug|Any CPU
		{01B94B59-837C-4F85-869B-A9FEA4E554EB}.Debug|x86.ActiveCfg = Debug|Any CPU
		{01B94B59-837C-4F85-869B-A9FEA4E554EB}.Debug|x86.Build.0 = Debug|Any CPU
		{01B94B59-837C-4F85-869B-A9FEA4E554EB}.Release|Any CPU.ActiveCfg = Release|Any CPU
		{01B94B59-837C-4F85-869B-A9FEA4E554EB}.Release|Any CPU.Build.0 = Release|Any CPU
		{01B94B59-837C-4F85-869B-A9FEA4E554EB}.Release|x64.ActiveCfg = Release|Any CPU
		{01B94B59-837C-4F85-869B-A9FEA4E554EB}.Release|x64.Build.0 = Release|Any CPU
		{01B94B59-837C-4F85-869B-A9FEA4E554EB}.Release|x86.ActiveCfg = Release|Any CPU
		{01B94B59-837C-4F85-869B-A9FEA4E554EB}.Release|x86.Build.0 = Release|Any CPU
	EndGlobalSection
	GlobalSection(SolutionProperties) = preSolution
		HideSolutionNode = FALSE
	EndGlobalSection
	GlobalSection(NestedProjects) = preSolution
		{81000D36-7527-4D84-9EF9-457651F7B08A} = {827E0CD3-B72D-47B6-A68D-7590B98EB39B}
		{7EC23562-BA85-4CD1-9C99-D7D31A1F80A3} = {827E0CD3-B72D-47B6-A68D-7590B98EB39B}
		{2E342870-6254-4BB7-A6F6-2EB9EC4D9EB1} = {827E0CD3-B72D-47B6-A68D-7590B98EB39B}
		{7F978E05-B170-48C2-A848-B2E937B49F02} = {827E0CD3-B72D-47B6-A68D-7590B98EB39B}
		{01B94B59-837C-4F85-869B-A9FEA4E554EB} = {0AB3BF05-4346-4AA6-1389-037BE0695223}
	EndGlobalSection
EndGlobal
